
Microsoft Visual Studio Solution File, Format Version 12.00
Project("{FAE04EC0-301F-11D3-BF4B-00C04F79EFBC}") = "API", "API\API.csproj", "{F67818D9-8D05-4E2A-AE54-D8648860F9AD}"
EndProject
Project("{FAE04EC0-301F-11D3-BF4B-00C04F79EFBC}") = "Core", "Core\Core.csproj", "{DB52A13E-69BE-4870-8C63-39C2C74A70D6}"
EndProject
Project("{FAE04EC0-301F-11D3-BF4B-00C04F79EFBC}") = "Tests", "Tests\Tests.csproj", "{0576ECD2-86EE-4F55-8E05-2D4609048AE4}"
EndProject
Global
	GlobalSection(SolutionConfigurationPlatforms) = preSolution
		Debug|Any CPU = Debug|Any CPU
		Release|Any CPU = Release|Any CPU
	EndGlobalSection
	GlobalSection(ProjectConfigurationPlatforms) = postSolution
		{F67818D9-8D05-4E2A-AE54-D8648860F9AD}.Debug|Any CPU.ActiveCfg = Debug|Any CPU
		{F67818D9-8D05-4E2A-AE54-D8648860F9AD}.Debug|Any CPU.Build.0 = Debug|Any CPU
		{F67818D9-8D05-4E2A-AE54-D8648860F9AD}.Release|Any CPU.ActiveCfg = Release|Any CPU
		{F67818D9-8D05-4E2A-AE54-D8648860F9AD}.Release|Any CPU.Build.0 = Release|Any CPU
		{DB52A13E-69BE-4870-8C63-39C2C74A70D6}.Debug|Any CPU.ActiveCfg = Debug|Any CPU
		{DB52A13E-69BE-4870-8C63-39C2C74A70D6}.Debug|Any CPU.Build.0 = Debug|Any CPU
		{DB52A13E-69BE-4870-8C63-39C2C74A70D6}.Release|Any CPU.ActiveCfg = Release|Any CPU
		{DB52A13E-69BE-4870-8C63-39C2C74A70D6}.Release|Any CPU.Build.0 = Release|Any CPU
		{0576ECD2-86EE-4F55-8E05-2D4609048AE4}.Debug|Any CPU.ActiveCfg = Debug|Any CPU
		{0576ECD2-86EE-4F55-8E05-2D4609048AE4}.Debug|Any CPU.Build.0 = Debug|Any CPU
		{0576ECD2-86EE-4F55-8E05-2D4609048AE4}.Release|Any CPU.ActiveCfg = Release|Any CPU
		{0576ECD2-86EE-4F55-8E05-2D4609048AE4}.Release|Any CPU.Build.0 = Release|Any CPU
	EndGlobalSection
EndGlobal
